
Microsoft Visual Studio Solution File, Format Version 12.00
# Visual Studio Version 16
VisualStudioVersion = 16.0.31515.178
MinimumVisualStudioVersion = 10.0.40219.1
Project("{FAE04EC0-301F-11D3-BF4B-00C04F79EFBC}") = "Client", "Client\Client.csproj", "{DE1A7BE0-0FE7-405D-9215-B4E3A5E59305}"
EndProject
Project("{FAE04EC0-301F-11D3-BF4B-00C04F79EFBC}") = "DemoApi", "DemoApi\DemoApi.csproj", "{B711DF65-6FC6-4C2E-93C4-6E77A72C47D0}"
EndProject
Global
	GlobalSection(SolutionConfigurationPlatforms) = preSolution
		Debug|Any CPU = Debug|Any CPU
		Release|Any CPU = Release|Any CPU
	EndGlobalSection
	GlobalSection(ProjectConfigurationPlatforms) = postSolution
		{DE1A7BE0-0FE7-405D-9215-B4E3A5E59305}.Debug|Any CPU.ActiveCfg = Debug|Any CPU
		{DE1A7BE0-0FE7-405D-9215-B4E3A5E59305}.Debug|Any CPU.Build.0 = Debug|Any CPU
		{DE1A7BE0-0FE7-405D-9215-B4E3A5E59305}.Release|Any CPU.ActiveCfg = Release|Any CPU
		{DE1A7BE0-0FE7-405D-9215-B4E3A5E59305}.Release|Any CPU.Build.0 = Release|Any CPU
		{B711DF65-6FC6-4C2E-93C4-6E77A72C47D0}.Debug|Any CPU.ActiveCfg = Debug|Any CPU
		{B711DF65-6FC6-4C2E-93C4-6E77A72C47D0}.Debug|Any CPU.Build.0 = Debug|Any CPU
		{B711DF65-6FC6-4C2E-93C4-6E77A72C47D0}.Release|Any CPU.ActiveCfg = Release|Any CPU
		{B711DF65-6FC6-4C2E-93C4-6E77A72C47D0}.Release|Any CPU.Build.0 = Release|Any CPU
	EndGlobalSection
	GlobalSection(SolutionProperties) = preSolution
		HideSolutionNode = FALSE
	EndGlobalSection
	GlobalSection(ExtensibilityGlobals) = postSolution
		SolutionGuid = {C9CF8E73-57AB-4F8D-873D-7E6D4F16C1C3}
	EndGlobalSection
EndGlobal
